
Microsoft Visual Studio Solution File, Format Version 12.00
# Visual Studio Version 16
VisualStudioVersion = 16.0.30011.22
MinimumVisualStudioVersion = 10.0.40219.1
Project("{FAE04EC0-301F-11D3-BF4B-00C04F79EFBC}") = "Administrator", "Administrator\Administrator.csproj", "{BF040156-2262-4426-95DA-04F8FDD331D0}"
EndProject
Project("{FAE04EC0-301F-11D3-BF4B-00C04F79EFBC}") = "API", "API\API.csproj", "{D53242B6-4366-45B8-A123-665EDDDE52E4}"
EndProject
Project("{FAE04EC0-301F-11D3-BF4B-00C04F79EFBC}") = "BusinessLogicLayer", "BusinessLogicLayer\BusinessLogicLayer.csproj", "{355120B9-7868-442A-A0C6-7579EBBF63BB}"
EndProject
Project("{FAE04EC0-301F-11D3-BF4B-00C04F79EFBC}") = "CRM", "CRM\CRM.csproj", "{82FA9B1A-2FE2-4EF6-8B4F-0CAB65645F2C}"
EndProject
Project("{FAE04EC0-301F-11D3-BF4B-00C04F79EFBC}") = "DataAccessLayer", "DataAccessLayer\DataAccessLayer.csproj", "{A042DDE6-9722-40CC-B650-F3F3901A2B22}"
EndProject
Project("{FAE04EC0-301F-11D3-BF4B-00C04F79EFBC}") = "DeliveryPartner", "DeliveryPartner\DeliveryPartner.csproj", "{18B55A33-E222-48C0-9740-47FA8CFCDD0B}"
EndProject
Project("{FAE04EC0-301F-11D3-BF4B-00C04F79EFBC}") = "Franchise", "Franchise\Franchise.csproj", "{BBD95B59-9328-4E9E-AFE9-CA7496017D6B}"
EndProject
Project("{FAE04EC0-301F-11D3-BF4B-00C04F79EFBC}") = "Merchant", "Merchant\Merchant.csproj", "{A38EC88F-E662-40D1-8AE6-6B3C7A12F89B}"
EndProject
Project("{FAE04EC0-301F-11D3-BF4B-00C04F79EFBC}") = "ModelLayer", "ModelLayer\ModelLayer.csproj", "{3B41B9EE-AA5D-483E-8E26-0E5A7DD9CD00}"
EndProject
Project("{FAE04EC0-301F-11D3-BF4B-00C04F79EFBC}") = "Customer", "Customer\Customer.csproj", "{74B87798-2D82-42A6-9094-A4DE080DE516}"
EndProject
Project("{FAE04EC0-301F-11D3-BF4B-00C04F79EFBC}") = "DashBoard", "DashBoard\DashBoard.csproj", "{C8AD4D69-9A80-41C2-8B7D-030F7379D79B}"
EndProject
Project("{FAE04EC0-301F-11D3-BF4B-00C04F79EFBC}") = "Inventory", "Inventory\Inventory.csproj", "{16711DCA-C8D0-4FE4-B2ED-4566D9DED11F}"
EndProject
Project("{FAE04EC0-301F-11D3-BF4B-00C04F79EFBC}") = "Leaders", "Leaders\Leaders.csproj", "{D5C8F04D-A132-44E5-BE52-E8CEFCD1BC58}"
EndProject
Project("{2150E333-8FDC-42A3-9474-1A3956D46DE8}") = "Lib", "Lib", "{2DAD88D3-DEF1-419C-851B-B36EDBF75066}"
	ProjectSection(SolutionItems) = preProject
		..\yashaswi _backup\Project Code\Identical Code(Live)\HH\BusinessLogicLayer\bin\Debug\itextsharp.dll = ..\yashaswi _backup\Project Code\Identical Code(Live)\HH\BusinessLogicLayer\bin\Debug\itextsharp.dll
	EndProjectSection
EndProject
Project("{FAE04EC0-301F-11D3-BF4B-00C04F79EFBC}") = "MarketPartner", "MarketPartner\MarketPartner.csproj", "{CE10A6CC-920B-4047-818B-C00DCBAFD331}"
EndProject
Global
	GlobalSection(SolutionConfigurationPlatforms) = preSolution
		Debug|Any CPU = Debug|Any CPU
		Release|Any CPU = Release|Any CPU
	EndGlobalSection
	GlobalSection(ProjectConfigurationPlatforms) = postSolution
		{BF040156-2262-4426-95DA-04F8FDD331D0}.Debug|Any CPU.ActiveCfg = Debug|Any CPU
		{BF040156-2262-4426-95DA-04F8FDD331D0}.Debug|Any CPU.Build.0 = Debug|Any CPU
		{BF040156-2262-4426-95DA-04F8FDD331D0}.Release|Any CPU.ActiveCfg = Release|Any CPU
		{BF040156-2262-4426-95DA-04F8FDD331D0}.Release|Any CPU.Build.0 = Release|Any CPU
		{D53242B6-4366-45B8-A123-665EDDDE52E4}.Debug|Any CPU.ActiveCfg = Debug|Any CPU
		{D53242B6-4366-45B8-A123-665EDDDE52E4}.Debug|Any CPU.Build.0 = Debug|Any CPU
		{D53242B6-4366-45B8-A123-665EDDDE52E4}.Release|Any CPU.ActiveCfg = Release|Any CPU
		{D53242B6-4366-45B8-A123-665EDDDE52E4}.Release|Any CPU.Build.0 = Release|Any CPU
		{355120B9-7868-442A-A0C6-7579EBBF63BB}.Debug|Any CPU.ActiveCfg = Debug|Any CPU
		{355120B9-7868-442A-A0C6-7579EBBF63BB}.Debug|Any CPU.Build.0 = Debug|Any CPU
		{355120B9-7868-442A-A0C6-7579EBBF63BB}.Release|Any CPU.ActiveCfg = Release|Any CPU
		{355120B9-7868-442A-A0C6-7579EBBF63BB}.Release|Any CPU.Build.0 = Release|Any CPU
		{82FA9B1A-2FE2-4EF6-8B4F-0CAB65645F2C}.Debug|Any CPU.ActiveCfg = Debug|Any CPU
		{82FA9B1A-2FE2-4EF6-8B4F-0CAB65645F2C}.Debug|Any CPU.Build.0 = Debug|Any CPU
		{82FA9B1A-2FE2-4EF6-8B4F-0CAB65645F2C}.Release|Any CPU.ActiveCfg = Release|Any CPU
		{82FA9B1A-2FE2-4EF6-8B4F-0CAB65645F2C}.Release|Any CPU.Build.0 = Release|Any CPU
		{A042DDE6-9722-40CC-B650-F3F3901A2B22}.Debug|Any CPU.ActiveCfg = Debug|Any CPU
		{A042DDE6-9722-40CC-B650-F3F3901A2B22}.Debug|Any CPU.Build.0 = Debug|Any CPU
		{A042DDE6-9722-40CC-B650-F3F3901A2B22}.Release|Any CPU.ActiveCfg = Release|Any CPU
		{A042DDE6-9722-40CC-B650-F3F3901A2B22}.Release|Any CPU.Build.0 = Release|Any CPU
		{18B55A33-E222-48C0-9740-47FA8CFCDD0B}.Debug|Any CPU.ActiveCfg = Debug|Any CPU
		{18B55A33-E222-48C0-9740-47FA8CFCDD0B}.Debug|Any CPU.Build.0 = Debug|Any CPU
		{18B55A33-E222-48C0-9740-47FA8CFCDD0B}.Release|Any CPU.ActiveCfg = Release|Any CPU
		{18B55A33-E222-48C0-9740-47FA8CFCDD0B}.Release|Any CPU.Build.0 = Release|Any CPU
		{BBD95B59-9328-4E9E-AFE9-CA7496017D6B}.Debug|Any CPU.ActiveCfg = Debug|Any CPU
		{BBD95B59-9328-4E9E-AFE9-CA7496017D6B}.Debug|Any CPU.Build.0 = Debug|Any CPU
		{BBD95B59-9328-4E9E-AFE9-CA7496017D6B}.Release|Any CPU.ActiveCfg = Release|Any CPU
		{BBD95B59-9328-4E9E-AFE9-CA7496017D6B}.Release|Any CPU.Build.0 = Release|Any CPU
		{A38EC88F-E662-40D1-8AE6-6B3C7A12F89B}.Debug|Any CPU.ActiveCfg = Debug|Any CPU
		{A38EC88F-E662-40D1-8AE6-6B3C7A12F89B}.Debug|Any CPU.Build.0 = Debug|Any CPU
		{A38EC88F-E662-40D1-8AE6-6B3C7A12F89B}.Release|Any CPU.ActiveCfg = Release|Any CPU
		{A38EC88F-E662-40D1-8AE6-6B3C7A12F89B}.Release|Any CPU.Build.0 = Release|Any CPU
		{3B41B9EE-AA5D-483E-8E26-0E5A7DD9CD00}.Debug|Any CPU.ActiveCfg = Debug|Any CPU
		{3B41B9EE-AA5D-483E-8E26-0E5A7DD9CD00}.Debug|Any CPU.Build.0 = Debug|Any CPU
		{3B41B9EE-AA5D-483E-8E26-0E5A7DD9CD00}.Release|Any CPU.ActiveCfg = Release|Any CPU
		{3B41B9EE-AA5D-483E-8E26-0E5A7DD9CD00}.Release|Any CPU.Build.0 = Release|Any CPU
		{74B87798-2D82-42A6-9094-A4DE080DE516}.Debug|Any CPU.ActiveCfg = Debug|Any CPU
		{74B87798-2D82-42A6-9094-A4DE080DE516}.Debug|Any CPU.Build.0 = Debug|Any CPU
		{74B87798-2D82-42A6-9094-A4DE080DE516}.Release|Any CPU.ActiveCfg = Release|Any CPU
		{74B87798-2D82-42A6-9094-A4DE080DE516}.Release|Any CPU.Build.0 = Release|Any CPU
		{C8AD4D69-9A80-41C2-8B7D-030F7379D79B}.Debug|Any CPU.ActiveCfg = Debug|Any CPU
		{C8AD4D69-9A80-41C2-8B7D-030F7379D79B}.Debug|Any CPU.Build.0 = Debug|Any CPU
		{C8AD4D69-9A80-41C2-8B7D-030F7379D79B}.Release|Any CPU.ActiveCfg = Release|Any CPU
		{C8AD4D69-9A80-41C2-8B7D-030F7379D79B}.Release|Any CPU.Build.0 = Release|Any CPU
		{16711DCA-C8D0-4FE4-B2ED-4566D9DED11F}.Debug|Any CPU.ActiveCfg = Debug|Any CPU
		{16711DCA-C8D0-4FE4-B2ED-4566D9DED11F}.Debug|Any CPU.Build.0 = Debug|Any CPU
		{16711DCA-C8D0-4FE4-B2ED-4566D9DED11F}.Release|Any CPU.ActiveCfg = Release|Any CPU
		{16711DCA-C8D0-4FE4-B2ED-4566D9DED11F}.Release|Any CPU.Build.0 = Release|Any CPU
		{D5C8F04D-A132-44E5-BE52-E8CEFCD1BC58}.Debug|Any CPU.ActiveCfg = Debug|Any CPU
		{D5C8F04D-A132-44E5-BE52-E8CEFCD1BC58}.Debug|Any CPU.Build.0 = Debug|Any CPU
		{D5C8F04D-A132-44E5-BE52-E8CEFCD1BC58}.Release|Any CPU.ActiveCfg = Release|Any CPU
		{D5C8F04D-A132-44E5-BE52-E8CEFCD1BC58}.Release|Any CPU.Build.0 = Release|Any CPU
		{CE10A6CC-920B-4047-818B-C00DCBAFD331}.Debug|Any CPU.ActiveCfg = Debug|Any CPU
		{CE10A6CC-920B-4047-818B-C00DCBAFD331}.Debug|Any CPU.Build.0 = Debug|Any CPU
		{CE10A6CC-920B-4047-818B-C00DCBAFD331}.Release|Any CPU.ActiveCfg = Release|Any CPU
		{CE10A6CC-920B-4047-818B-C00DCBAFD331}.Release|Any CPU.Build.0 = Release|Any CPU
	EndGlobalSection
	GlobalSection(SolutionProperties) = preSolution
		HideSolutionNode = FALSE
	EndGlobalSection
	GlobalSection(ExtensibilityGlobals) = postSolution
		VisualSVNWorkingCopyRoot = .
		SolutionGuid = {B77C8E5E-F19C-404A-9D37-96DBE475DF83}
	EndGlobalSection
EndGlobal
